// !$*UTF8*$!
{
	archiveVersion = 1;
	classes = {
	};
	objectVersion = 56;
	objects = {

/* Begin PBXBuildFile section */
		DC5755D929E13A4800445272 /* MacDocsApp.swift in Sources */ = {isa = PBXBuildFile; fileRef = DC5755D829E13A4800445272 /* MacDocsApp.swift */; };
		DC5755DB29E13A4800445272 /* ContentView.swift in Sources */ = {isa = PBXBuildFile; fileRef = DC5755DA29E13A4800445272 /* ContentView.swift */; };
		DC5755DD29E13A4A00445272 /* Assets.xcassets in Resources */ = {isa = PBXBuildFile; fileRef = DC5755DC29E13A4A00445272 /* Assets.xcassets */; };
		DC5755E029E13A4A00445272 /* Preview Assets.xcassets in Resources */ = {isa = PBXBuildFile; fileRef = DC5755DF29E13A4A00445272 /* Preview Assets.xcassets */; };
		DC5755EB29E13A4A00445272 /* MacDocsTests.swift in Sources */ = {isa = PBXBuildFile; fileRef = DC5755EA29E13A4A00445272 /* MacDocsTests.swift */; };
		DC5755F529E13A4A00445272 /* MacDocsUITests.swift in Sources */ = {isa = PBXBuildFile; fileRef = DC5755F429E13A4A00445272 /* MacDocsUITests.swift */; };
		DC5755F729E13A4A00445272 /* MacDocsUITestsLaunchTests.swift in Sources */ = {isa = PBXBuildFile; fileRef = DC5755F629E13A4A00445272 /* MacDocsUITestsLaunchTests.swift */; };
/* End PBXBuildFile section */

/* Begin PBXContainerItemProxy section */
		DC5755E729E13A4A00445272 /* PBXContainerItemProxy */ = {
			isa = PBXContainerItemProxy;
			containerPortal = DC5755CD29E13A4800445272 /* Project object */;
			proxyType = 1;
			remoteGlobalIDString = DC5755D429E13A4800445272;
			remoteInfo = MacDocs;
		};
		DC5755F129E13A4A00445272 /* PBXContainerItemProxy */ = {
			isa = PBXContainerItemProxy;
			containerPortal = DC5755CD29E13A4800445272 /* Project object */;
			proxyType = 1;
			remoteGlobalIDString = DC5755D429E13A4800445272;
			remoteInfo = MacDocs;
		};
/* End PBXContainerItemProxy section */

/* Begin PBXFileReference section */
		DC5755D529E13A4800445272 /* MacDocs.app */ = {isa = PBXFileReference; explicitFileType = wrapper.application; includeInIndex = 0; path = MacDocs.app; sourceTree = BUILT_PRODUCTS_DIR; };
		DC5755D829E13A4800445272 /* MacDocsApp.swift */ = {isa = PBXFileReference; lastKnownFileType = sourcecode.swift; path = MacDocsApp.swift; sourceTree = "<group>"; };
		DC5755DA29E13A4800445272 /* ContentView.swift */ = {isa = PBXFileReference; lastKnownFileType = sourcecode.swift; path = ContentView.swift; sourceTree = "<group>"; };
		DC5755DC29E13A4A00445272 /* Assets.xcassets */ = {isa = PBXFileReference; lastKnownFileType = folder.assetcatalog; path = Assets.xcassets; sourceTree = "<group>"; };
		DC5755DF29E13A4A00445272 /* Preview Assets.xcassets */ = {isa = PBXFileReference; lastKnownFileType = folder.assetcatalog; path = "Preview Assets.xcassets"; sourceTree = "<group>"; };
		DC5755E129E13A4A00445272 /* MacDocs.entitlements */ = {isa = PBXFileReference; lastKnownFileType = text.plist.entitlements; path = MacDocs.entitlements; sourceTree = "<group>"; };
		DC5755E629E13A4A00445272 /* MacDocsTests.xctest */ = {isa = PBXFileReference; explicitFileType = wrapper.cfbundle; includeInIndex = 0; path = MacDocsTests.xctest; sourceTree = BUILT_PRODUCTS_DIR; };
		DC5755EA29E13A4A00445272 /* MacDocsTests.swift */ = {isa = PBXFileReference; lastKnownFileType = sourcecode.swift; path = MacDocsTests.swift; sourceTree = "<group>"; };
		DC5755F029E13A4A00445272 /* MacDocsUITests.xctest */ = {isa = PBXFileReference; explicitFileType = wrapper.cfbundle; includeInIndex = 0; path = MacDocsUITests.xctest; sourceTree = BUILT_PRODUCTS_DIR; };
		DC5755F429E13A4A00445272 /* MacDocsUITests.swift */ = {isa = PBXFileReference; lastKnownFileType = sourcecode.swift; path = MacDocsUITests.swift; sourceTree = "<group>"; };
		DC5755F629E13A4A00445272 /* MacDocsUITestsLaunchTests.swift */ = {isa = PBXFileReference; lastKnownFileType = sourcecode.swift; path = MacDocsUITestsLaunchTests.swift; sourceTree = "<group>"; };
/* End PBXFileReference section */

/* Begin PBXFrameworksBuildPhase section */
		DC5755D229E13A4800445272 /* Frameworks */ = {
			isa = PBXFrameworksBuildPhase;
			buildActionMask = 2147483647;
			files = (
			);
			runOnlyForDeploymentPostprocessing = 0;
		};
		DC5755E329E13A4A00445272 /* Frameworks */ = {
			isa = PBXFrameworksBuildPhase;
			buildActionMask = 2147483647;
			files = (
			);
			runOnlyForDeploymentPostprocessing = 0;
		};
		DC5755ED29E13A4A00445272 /* Frameworks */ = {
			isa = PBXFrameworksBuildPhase;
			buildActionMask = 2147483647;
			files = (
			);
			runOnlyForDeploymentPostprocessing = 0;
		};
/* End PBXFrameworksBuildPhase section */

/* Begin PBXGroup section */
		DC5755CC29E13A4800445272 = {
			isa = PBXGroup;
			children = (
				DC5755D729E13A4800445272 /* MacDocs */,
				DC5755E929E13A4A00445272 /* MacDocsTests */,
				DC5755F329E13A4A00445272 /* MacDocsUITests */,
				DC5755D629E13A4800445272 /* Products */,
			);
			sourceTree = "<group>";
		};
		DC5755D629E13A4800445272 /* Products */ = {
			isa = PBXGroup;
			children = (
				DC5755D529E13A4800445272 /* MacDocs.app */,
				DC5755E629E13A4A00445272 /* MacDocsTests.xctest */,
				DC5755F029E13A4A00445272 /* MacDocsUITests.xctest */,
			);
			name = Products;
			sourceTree = "<group>";
		};
		DC5755D729E13A4800445272 /* MacDocs */ = {
			isa = PBXGroup;
			children = (
				DC5755D829E13A4800445272 /* MacDocsApp.swift */,
				DC5755DA29E13A4800445272 /* ContentView.swift */,
				DC5755DC29E13A4A00445272 /* Assets.xcassets */,
				DC5755E129E13A4A00445272 /* MacDocs.entitlements */,
				DC5755DE29E13A4A00445272 /* Preview Content */,
			);
			path = MacDocs;
			sourceTree = "<group>";
		};
		DC5755DE29E13A4A00445272 /* Preview Content */ = {
			isa = PBXGroup;
			children = (
				DC5755DF29E13A4A00445272 /* Preview Assets.xcassets */,
			);
			path = "Preview Content";
			sourceTree = "<group>";
		};
		DC5755E929E13A4A00445272 /* MacDocsTests */ = {
			isa = PBXGroup;
			children = (
				DC5755EA29E13A4A00445272 /* MacDocsTests.swift */,
			);
			path = MacDocsTests;
			sourceTree = "<group>";
		};
		DC5755F329E13A4A00445272 /* MacDocsUITests */ = {
			isa = PBXGroup;
			children = (
				DC5755F429E13A4A00445272 /* MacDocsUITests.swift */,
				DC5755F629E13A4A00445272 /* MacDocsUITestsLaunchTests.swift */,
			);
			path = MacDocsUITests;
			sourceTree = "<group>";
		};
/* End PBXGroup section */

/* Begin PBXNativeTarget section */
		DC5755D429E13A4800445272 /* MacDocs */ = {
			isa = PBXNativeTarget;
			buildConfigurationList = DC5755FA29E13A4A00445272 /* Build configuration list for PBXNativeTarget "MacDocs" */;
			buildPhases = (
				DC5755D129E13A4800445272 /* Sources */,
				DC5755D229E13A4800445272 /* Frameworks */,
				DC5755D329E13A4800445272 /* Resources */,
			);
			buildRules = (
			);
			dependencies = (
			);
			name = MacDocs;
			productName = MacDocs;
			productReference = DC5755D529E13A4800445272 /* MacDocs.app */;
			productType = "com.apple.product-type.application";
		};
		DC5755E529E13A4A00445272 /* MacDocsTests */ = {
			isa = PBXNativeTarget;
			buildConfigurationList = DC5755FD29E13A4A00445272 /* Build configuration list for PBXNativeTarget "MacDocsTests" */;
			buildPhases = (
				DC5755E229E13A4A00445272 /* Sources */,
				DC5755E329E13A4A00445272 /* Frameworks */,
				DC5755E429E13A4A00445272 /* Resources */,
			);
			buildRules = (
			);
			dependencies = (
				DC5755E829E13A4A00445272 /* PBXTargetDependency */,
			);
			name = MacDocsTests;
			productName = MacDocsTests;
			productReference = DC5755E629E13A4A00445272 /* MacDocsTests.xctest */;
			productType = "com.apple.product-type.bundle.unit-test";
		};
		DC5755EF29E13A4A00445272 /* MacDocsUITests */ = {
			isa = PBXNativeTarget;
			buildConfigurationList = DC57560029E13A4A00445272 /* Build configuration list for PBXNativeTarget "MacDocsUITests" */;
			buildPhases = (
				DC5755EC29E13A4A00445272 /* Sources */,
				DC5755ED29E13A4A00445272 /* Frameworks */,
				DC5755EE29E13A4A00445272 /* Resources */,
			);
			buildRules = (
			);
			dependencies = (
				DC5755F229E13A4A00445272 /* PBXTargetDependency */,
			);
			name = MacDocsUITests;
			productName = MacDocsUITests;
			productReference = DC5755F029E13A4A00445272 /* MacDocsUITests.xctest */;
			productType = "com.apple.product-type.bundle.ui-testing";
		};
/* End PBXNativeTarget section */

/* Begin PBXProject section */
		DC5755CD29E13A4800445272 /* Project object */ = {
			isa = PBXProject;
			attributes = {
				BuildIndependentTargetsInParallel = 1;
				LastSwiftUpdateCheck = 1430;
				LastUpgradeCheck = 1430;
				TargetAttributes = {
					DC5755D429E13A4800445272 = {
						CreatedOnToolsVersion = 14.3;
					};
					DC5755E529E13A4A00445272 = {
						CreatedOnToolsVersion = 14.3;
						TestTargetID = DC5755D429E13A4800445272;
					};
					DC5755EF29E13A4A00445272 = {
						CreatedOnToolsVersion = 14.3;
						TestTargetID = DC5755D429E13A4800445272;
					};
				};
			};
			buildConfigurationList = DC5755D029E13A4800445272 /* Build configuration list for PBXProject "MacDocs" */;
			compatibilityVersion = "Xcode 14.0";
			developmentRegion = en;
			hasScannedForEncodings = 0;
			knownRegions = (
				en,
				Base,
			);
			mainGroup = DC5755CC29E13A4800445272;
			productRefGroup = DC5755D629E13A4800445272 /* Products */;
			projectDirPath = "";
			projectRoot = "";
			targets = (
				DC5755D429E13A4800445272 /* MacDocs */,
				DC5755E529E13A4A00445272 /* MacDocsTests */,
				DC5755EF29E13A4A00445272 /* MacDocsUITests */,
			);
		};
/* End PBXProject section */

/* Begin PBXResourcesBuildPhase section */
		DC5755D329E13A4800445272 /* Resources */ = {
			isa = PBXResourcesBuildPhase;
			buildActionMask = 2147483647;
			files = (
				DC5755E029E13A4A00445272 /* Preview Assets.xcassets in Resources */,
				DC5755DD29E13A4A00445272 /* Assets.xcassets in Resources */,
			);
			runOnlyForDeploymentPostprocessing = 0;
		};
		DC5755E429E13A4A00445272 /* Resources */ = {
			isa = PBXResourcesBuildPhase;
			buildActionMask = 2147483647;
			files = (
			);
			runOnlyForDeploymentPostprocessing = 0;
		};
		DC5755EE29E13A4A00445272 /* Resources */ = {
			isa = PBXResourcesBuildPhase;
			buildActionMask = 2147483647;
			files = (
			);
			runOnlyForDeploymentPostprocessing = 0;
		};
/* End PBXResourcesBuildPhase section */

/* Begin PBXSourcesBuildPhase section */
		DC5755D129E13A4800445272 /* Sources */ = {
			isa = PBXSourcesBuildPhase;
			buildActionMask = 2147483647;
			files = (
				DC5755DB29E13A4800445272 /* ContentView.swift in Sources */,
				DC5755D929E13A4800445272 /* MacDocsApp.swift in Sources */,
			);
			runOnlyForDeploymentPostprocessing = 0;
		};
		DC5755E229E13A4A00445272 /* Sources */ = {
			isa = PBXSourcesBuildPhase;
			buildActionMask = 2147483647;
			files = (
				DC5755EB29E13A4A00445272 /* MacDocsTests.swift in Sources */,
			);
			runOnlyForDeploymentPostprocessing = 0;
		};
		DC5755EC29E13A4A00445272 /* Sources */ = {
			isa = PBXSourcesBuildPhase;
			buildActionMask = 2147483647;
			files = (
				DC5755F529E13A4A00445272 /* MacDocsUITests.swift in Sources */,
				DC5755F729E13A4A00445272 /* MacDocsUITestsLaunchTests.swift in Sources */,
			);
			runOnlyForDeploymentPostprocessing = 0;
		};
/* End PBXSourcesBuildPhase section */

/* Begin PBXTargetDependency section */
		DC5755E829E13A4A00445272 /* PBXTargetDependency */ = {
			isa = PBXTargetDependency;
			target = DC5755D429E13A4800445272 /* MacDocs */;
			targetProxy = DC5755E729E13A4A00445272 /* PBXContainerItemProxy */;
		};
		DC5755F229E13A4A00445272 /* PBXTargetDependency */ = {
			isa = PBXTargetDependency;
			target = DC5755D429E13A4800445272 /* MacDocs */;
			targetProxy = DC5755F129E13A4A00445272 /* PBXContainerItemProxy */;
		};
/* End PBXTargetDependency section */

/* Begin XCBuildConfiguration section */
		DC5755F829E13A4A00445272 /* Debug */ = {
			isa = XCBuildConfiguration;
			buildSettings = {
				ALWAYS_SEARCH_USER_PATHS = NO;
				CLANG_ANALYZER_NONNULL = YES;
				CLANG_ANALYZER_NUMBER_OBJECT_CONVERSION = YES_AGGRESSIVE;
				CLANG_CXX_LANGUAGE_STANDARD = "gnu++20";
				CLANG_ENABLE_MODULES = YES;
				CLANG_ENABLE_OBJC_ARC = YES;
				CLANG_ENABLE_OBJC_WEAK = YES;
				CLANG_WARN_BLOCK_CAPTURE_AUTORELEASING = YES;
				CLANG_WARN_BOOL_CONVERSION = YES;
				CLANG_WARN_COMMA = YES;
				CLANG_WARN_CONSTANT_CONVERSION = YES;
				CLANG_WARN_DEPRECATED_OBJC_IMPLEMENTATIONS = YES;
				CLANG_WARN_DIRECT_OBJC_ISA_USAGE = YES_ERROR;
				CLANG_WARN_DOCUMENTATION_COMMENTS = YES;
				CLANG_WARN_EMPTY_BODY = YES;
				CLANG_WARN_ENUM_CONVERSION = YES;
				CLANG_WARN_INFINITE_RECURSION = YES;
				CLANG_WARN_INT_CONVERSION = YES;
				CLANG_WARN_NON_LITERAL_NULL_CONVERSION = YES;
				CLANG_WARN_OBJC_IMPLICIT_RETAIN_SELF = YES;
				CLANG_WARN_OBJC_LITERAL_CONVERSION = YES;
				CLANG_WARN_OBJC_ROOT_CLASS = YES_ERROR;
				CLANG_WARN_QUOTED_INCLUDE_IN_FRAMEWORK_HEADER = YES;
				CLANG_WARN_RANGE_LOOP_ANALYSIS = YES;
				CLANG_WARN_STRICT_PROTOTYPES = YES;
				CLANG_WARN_SUSPICIOUS_MOVE = YES;
				CLANG_WARN_UNGUARDED_AVAILABILITY = YES_AGGRESSIVE;
				CLANG_WARN_UNREACHABLE_CODE = YES;
				CLANG_WARN__DUPLICATE_METHOD_MATCH = YES;
				COPY_PHASE_STRIP = NO;
				DEBUG_INFORMATION_FORMAT = dwarf;
				ENABLE_STRICT_OBJC_MSGSEND = YES;
				ENABLE_TESTABILITY = YES;
				GCC_C_LANGUAGE_STANDARD = gnu11;
				GCC_DYNAMIC_NO_PIC = NO;
				GCC_NO_COMMON_BLOCKS = YES;
				GCC_OPTIMIZATION_LEVEL = 0;
				GCC_PREPROCESSOR_DEFINITIONS = (
					"DEBUG=1",
					"$(inherited)",
				);
				GCC_WARN_64_TO_32_BIT_CONVERSION = YES;
				GCC_WARN_ABOUT_RETURN_TYPE = YES_ERROR;
				GCC_WARN_UNDECLARED_SELECTOR = YES;
				GCC_WARN_UNINITIALIZED_AUTOS = YES_AGGRESSIVE;
				GCC_WARN_UNUSED_FUNCTION = YES;
				GCC_WARN_UNUSED_VARIABLE = YES;
				MACOSX_DEPLOYMENT_TARGET = 13.3;
				MTL_ENABLE_DEBUG_INFO = INCLUDE_SOURCE;
				MTL_FAST_MATH = YES;
				ONLY_ACTIVE_ARCH = YES;
				SDKROOT = macosx;
				SWIFT_ACTIVE_COMPILATION_CONDITIONS = DEBUG;
				SWIFT_OPTIMIZATION_LEVEL = "-Onone";
			};
			name = Debug;
		};
		DC5755F929E13A4A00445272 /* Release */ = {
			isa = XCBuildConfiguration;
			buildSettings = {
				ALWAYS_SEARCH_USER_PATHS = NO;
				CLANG_ANALYZER_NONNULL = YES;
				CLANG_ANALYZER_NUMBER_OBJECT_CONVERSION = YES_AGGRESSIVE;
				CLANG_CXX_LANGUAGE_STANDARD = "gnu++20";
				CLANG_ENABLE_MODULES = YES;
				CLANG_ENABLE_OBJC_ARC = YES;
				CLANG_ENABLE_OBJC_WEAK = YES;
				CLANG_WARN_BLOCK_CAPTURE_AUTORELEASING = YES;
				CLANG_WARN_BOOL_CONVERSION = YES;
				CLANG_WARN_COMMA = YES;
				CLANG_WARN_CONSTANT_CONVERSION = YES;
				CLANG_WARN_DEPRECATED_OBJC_IMPLEMENTATIONS = YES;
				CLANG_WARN_DIRECT_OBJC_ISA_USAGE = YES_ERROR;
				CLANG_WARN_DOCUMENTATION_COMMENTS = YES;
				CLANG_WARN_EMPTY_BODY = YES;
				CLANG_WARN_ENUM_CONVERSION = YES;
				CLANG_WARN_INFINITE_RECURSION = YES;
				CLANG_WARN_INT_CONVERSION = YES;
				CLANG_WARN_NON_LITERAL_NULL_CONVERSION = YES;
				CLANG_WARN_OBJC_IMPLICIT_RETAIN_SELF = YES;
				CLANG_WARN_OBJC_LITERAL_CONVERSION = YES;
				CLANG_WARN_OBJC_ROOT_CLASS = YES_ERROR;
				CLANG_WARN_QUOTED_INCLUDE_IN_FRAMEWORK_HEADER = YES;
				CLANG_WARN_RANGE_LOOP_ANALYSIS = YES;
				CLANG_WARN_STRICT_PROTOTYPES = YES;
				CLANG_WARN_SUSPICIOUS_MOVE = YES;
				CLANG_WARN_UNGUARDED_AVAILABILITY = YES_AGGRESSIVE;
				CLANG_WARN_UNREACHABLE_CODE = YES;
				CLANG_WARN__DUPLICATE_METHOD_MATCH = YES;
				COPY_PHASE_STRIP = NO;
				DEBUG_INFORMATION_FORMAT = "dwarf-with-dsym";
				ENABLE_NS_ASSERTIONS = NO;
				ENABLE_STRICT_OBJC_MSGSEND = YES;
				GCC_C_LANGUAGE_STANDARD = gnu11;
				GCC_NO_COMMON_BLOCKS = YES;
				GCC_WARN_64_TO_32_BIT_CONVERSION = YES;
				GCC_WARN_ABOUT_RETURN_TYPE = YES_ERROR;
				GCC_WARN_UNDECLARED_SELECTOR = YES;
				GCC_WARN_UNINITIALIZED_AUTOS = YES_AGGRESSIVE;
				GCC_WARN_UNUSED_FUNCTION = YES;
				GCC_WARN_UNUSED_VARIABLE = YES;
				MACOSX_DEPLOYMENT_TARGET = 13.3;
				MTL_ENABLE_DEBUG_INFO = NO;
				MTL_FAST_MATH = YES;
				SDKROOT = macosx;
				SWIFT_COMPILATION_MODE = wholemodule;
				SWIFT_OPTIMIZATION_LEVEL = "-O";
			};
			name = Release;
		};
		DC5755FB29E13A4A00445272 /* Debug */ = {
			isa = XCBuildConfiguration;
			buildSettings = {
				ASSETCATALOG_COMPILER_APPICON_NAME = AppIcon;
				ASSETCATALOG_COMPILER_GLOBAL_ACCENT_COLOR_NAME = AccentColor;
				CODE_SIGN_ENTITLEMENTS = MacDocs/MacDocs.entitlements;
				CODE_SIGN_STYLE = Automatic;
				COMBINE_HIDPI_IMAGES = YES;
				CURRENT_PROJECT_VERSION = 1;
				DEVELOPMENT_ASSET_PATHS = "\"MacDocs/Preview Content\"";
				ENABLE_PREVIEWS = YES;
				GENERATE_INFOPLIST_FILE = YES;
				INFOPLIST_KEY_NSHumanReadableCopyright = "";
				LD_RUNPATH_SEARCH_PATHS = (
					"$(inherited)",
					"@executable_path/../Frameworks",
				);
				MARKETING_VERSION = 1.0;
				PRODUCT_BUNDLE_IDENTIFIER = Quantii.MacDocs;
				PRODUCT_NAME = "$(TARGET_NAME)";
				SWIFT_EMIT_LOC_STRINGS = YES;
				SWIFT_VERSION = 5.0;
			};
			name = Debug;
		};
		DC5755FC29E13A4A00445272 /* Release */ = {
			isa = XCBuildConfiguration;
			buildSettings = {
				ASSETCATALOG_COMPILER_APPICON_NAME = AppIcon;
				ASSETCATALOG_COMPILER_GLOBAL_ACCENT_COLOR_NAME = AccentColor;
				CODE_SIGN_ENTITLEMENTS = MacDocs/MacDocs.entitlements;
				CODE_SIGN_STYLE = Automatic;
				COMBINE_HIDPI_IMAGES = YES;
				CURRENT_PROJECT_VERSION = 1;
				DEVELOPMENT_ASSET_PATHS = "\"MacDocs/Preview Content\"";
				ENABLE_PREVIEWS = YES;
				GENERATE_INFOPLIST_FILE = YES;
				INFOPLIST_KEY_NSHumanReadableCopyright = "";
				LD_RUNPATH_SEARCH_PATHS = (
					"$(inherited)",
					"@executable_path/../Frameworks",
				);
				MARKETING_VERSION = 1.0;
				PRODUCT_BUNDLE_IDENTIFIER = Quantii.MacDocs;
				PRODUCT_NAME = "$(TARGET_NAME)";
				SWIFT_EMIT_LOC_STRINGS = YES;
				SWIFT_VERSION = 5.0;
			};
			name = Release;
		};
		DC5755FE29E13A4A00445272 /* Debug */ = {
			isa = XCBuildConfiguration;
			buildSettings = {
				ALWAYS_EMBED_SWIFT_STANDARD_LIBRARIES = YES;
				BUNDLE_LOADER = "$(TEST_HOST)";
				CODE_SIGN_STYLE = Automatic;
				CURRENT_PROJECT_VERSION = 1;
				GENERATE_INFOPLIST_FILE = YES;
				MACOSX_DEPLOYMENT_TARGET = 13.3;
				MARKETING_VERSION = 1.0;
				PRODUCT_BUNDLE_IDENTIFIER = Quantii.MacDocsTests;
				PRODUCT_NAME = "$(TARGET_NAME)";
				SWIFT_EMIT_LOC_STRINGS = NO;
				SWIFT_VERSION = 5.0;
				TEST_HOST = "$(BUILT_PRODUCTS_DIR)/MacDocs.app/$(BUNDLE_EXECUTABLE_FOLDER_PATH)/MacDocs";
			};
			name = Debug;
		};
		DC5755FF29E13A4A00445272 /* Release */ = {
			isa = XCBuildConfiguration;
			buildSettings = {
				ALWAYS_EMBED_SWIFT_STANDARD_LIBRARIES = YES;
				BUNDLE_LOADER = "$(TEST_HOST)";
				CODE_SIGN_STYLE = Automatic;
				CURRENT_PROJECT_VERSION = 1;
				GENERATE_INFOPLIST_FILE = YES;
				MACOSX_DEPLOYMENT_TARGET = 13.3;
				MARKETING_VERSION = 1.0;
				PRODUCT_BUNDLE_IDENTIFIER = Quantii.MacDocsTests;
				PRODUCT_NAME = "$(TARGET_NAME)";
				SWIFT_EMIT_LOC_STRINGS = NO;
				SWIFT_VERSION = 5.0;
				TEST_HOST = "$(BUILT_PRODUCTS_DIR)/MacDocs.app/$(BUNDLE_EXECUTABLE_FOLDER_PATH)/MacDocs";
			};
			name = Release;
		};
		DC57560129E13A4A00445272 /* Debug */ = {
			isa = XCBuildConfiguration;
			buildSettings = {
				ALWAYS_EMBED_SWIFT_STANDARD_LIBRARIES = YES;
				CODE_SIGN_STYLE = Automatic;
				CURRENT_PROJECT_VERSION = 1;
				GENERATE_INFOPLIST_FILE = YES;
				MARKETING_VERSION = 1.0;
				PRODUCT_BUNDLE_IDENTIFIER = Quantii.MacDocsUITests;
				PRODUCT_NAME = "$(TARGET_NAME)";
				SWIFT_EMIT_LOC_STRINGS = NO;
				SWIFT_VERSION = 5.0;
				TEST_TARGET_NAME = MacDocs;
			};
			name = Debug;
		};
		DC57560229E13A4A00445272 /* Release */ = {
			isa = XCBuildConfiguration;
			buildSettings = {
				ALWAYS_EMBED_SWIFT_STANDARD_LIBRARIES = YES;
				CODE_SIGN_STYLE = Automatic;
				CURRENT_PROJECT_VERSION = 1;
				GENERATE_INFOPLIST_FILE = YES;
				MARKETING_VERSION = 1.0;
				PRODUCT_BUNDLE_IDENTIFIER = Quantii.MacDocsUITests;
				PRODUCT_NAME = "$(TARGET_NAME)";
				SWIFT_EMIT_LOC_STRINGS = NO;
				SWIFT_VERSION = 5.0;
				TEST_TARGET_NAME = MacDocs;
			};
			name = Release;
		};
/* End XCBuildConfiguration section */

/* Begin XCConfigurationList section */
		DC5755D029E13A4800445272 /* Build configuration list for PBXProject "MacDocs" */ = {
			isa = XCConfigurationList;
			buildConfigurations = (
				DC5755F829E13A4A00445272 /* Debug */,
				DC5755F929E13A4A00445272 /* Release */,
			);
			defaultConfigurationIsVisible = 0;
			defaultConfigurationName = Release;
		};
		DC5755FA29E13A4A00445272 /* Build configuration list for PBXNativeTarget "MacDocs" */ = {
			isa = XCConfigurationList;
			buildConfigurations = (
				DC5755FB29E13A4A00445272 /* Debug */,
				DC5755FC29E13A4A00445272 /* Release */,
			);
			defaultConfigurationIsVisible = 0;
			defaultConfigurationName = Release;
		};
		DC5755FD29E13A4A00445272 /* Build configuration list for PBXNativeTarget "MacDocsTests" */ = {
			isa = XCConfigurationList;
			buildConfigurations = (
				DC5755FE29E13A4A00445272 /* Debug */,
				DC5755FF29E13A4A00445272 /* Release */,
			);
			defaultConfigurationIsVisible = 0;
			defaultConfigurationName = Release;
		};
		DC57560029E13A4A00445272 /* Build configuration list for PBXNativeTarget "MacDocsUITests" */ = {
			isa = XCConfigurationList;
			buildConfigurations = (
				DC57560129E13A4A00445272 /* Debug */,
				DC57560229E13A4A00445272 /* Release */,
			);
			defaultConfigurationIsVisible = 0;
			defaultConfigurationName = Release;
		};
/* End XCConfigurationList section */
	};
	rootObject = DC5755CD29E13A4800445272 /* Project object */;
}
